
Microsoft Visual Studio Solution File, Format Version 12.00
# Visual Studio Version 17
VisualStudioVersion = 17.7.34031.279
MinimumVisualStudioVersion = 10.0.40219.1
Project("{2150E333-8FDC-42A3-9474-1A3956D46DE8}") = "Solution Items", "Solution Items", "{E051A206-FFEF-4BBD-B831-14FAAD6169AC}"
	ProjectSection(SolutionItems) = preProject
		Directory.Build.props = Directory.Build.props
		README.md = README.md
	EndProjectSection
EndProject
Project("{9A19103F-16F7-4668-BE54-9A1E7A4F7556}") = "LTRData.Extensions", "LTRData.Extensions\LTRData.Extensions.csproj", "{7375C8D5-D7F0-40B5-9DD1-8B9BF877E389}"
EndProject
Project("{9A19103F-16F7-4668-BE54-9A1E7A4F7556}") = "LTRData.Extensions.Native", "LTRData.Extensions.Native\LTRData.Extensions.Native.csproj", "{A1817419-F14E-4EC3-8288-1447A7E6E49D}"
EndProject
Global
	GlobalSection(SolutionConfigurationPlatforms) = preSolution
		Debug|Any CPU = Debug|Any CPU
		Release|Any CPU = Release|Any CPU
	EndGlobalSection
	GlobalSection(ProjectConfigurationPlatforms) = postSolution
		{7375C8D5-D7F0-40B5-9DD1-8B9BF877E389}.Debug|Any CPU.ActiveCfg = Debug|Any CPU
		{7375C8D5-D7F0-40B5-9DD1-8B9BF877E389}.Debug|Any CPU.Build.0 = Debug|Any CPU
		{7375C8D5-D7F0-40B5-9DD1-8B9BF877E389}.Release|Any CPU.ActiveCfg = Release|Any CPU
		{7375C8D5-D7F0-40B5-9DD1-8B9BF877E389}.Release|Any CPU.Build.0 = Release|Any CPU
		{A1817419-F14E-4EC3-8288-1447A7E6E49D}.Debug|Any CPU.ActiveCfg = Debug|Any CPU
		{A1817419-F14E-4EC3-8288-1447A7E6E49D}.Debug|Any CPU.Build.0 = Debug|Any CPU
		{A1817419-F14E-4EC3-8288-1447A7E6E49D}.Release|Any CPU.ActiveCfg = Release|Any CPU
		{A1817419-F14E-4EC3-8288-1447A7E6E49D}.Release|Any CPU.Build.0 = Release|Any CPU
	EndGlobalSection
	GlobalSection(SolutionProperties) = preSolution
		HideSolutionNode = FALSE
	EndGlobalSection
	GlobalSection(ExtensibilityGlobals) = postSolution
		SolutionGuid = {3B4A44F0-3B39-46EA-9508-49EF202DEB34}
	EndGlobalSection
EndGlobal
